<Solution>
  <Folder Name="/Data/">
    <Project Path="../PadelShop.Data.Models/PadelStore.Data.Models.csproj" />
    <Project Path="../PadelShop.Data/PadelStore.Data.csproj" />
    <Project Path="../PadelStore.Data.Common/PadelStore.Data.Common.csproj" Id="755434a2-d3bd-4bf8-9568-cbf44a392fae" />
  </Folder>
  <Folder Name="/Web/">
    <Project Path="../PadelShop.ViewModels/PadelStore.ViewModels.csproj" />
    <Project Path="PadelStore.csproj" />
  </Folder>
</Solution>
